// !$*UTF8*$!
{
	archiveVersion = 1;
	classes = {
	};
	objectVersion = 55;
	objects = {

/* Begin PBXBuildFile section */
		D42890CF284C5CED006AFB73 /* AppDelegate.swift in Sources */ = {isa = PBXBuildFile; fileRef = D42890CE284C5CED006AFB73 /* AppDelegate.swift */; };
		D42890D1284C5CED006AFB73 /* SceneDelegate.swift in Sources */ = {isa = PBXBuildFile; fileRef = D42890D0284C5CED006AFB73 /* SceneDelegate.swift */; };
		D42890D3284C5CED006AFB73 /* ViewController.swift in Sources */ = {isa = PBXBuildFile; fileRef = D42890D2284C5CED006AFB73 /* ViewController.swift */; };
		D42890D6284C5CED006AFB73 /* Main.storyboard in Resources */ = {isa = PBXBuildFile; fileRef = D42890D4284C5CED006AFB73 /* Main.storyboard */; };
		D42890D8284C5CEF006AFB73 /* Assets.xcassets in Resources */ = {isa = PBXBuildFile; fileRef = D42890D7284C5CEF006AFB73 /* Assets.xcassets */; };
		D42890DB284C5CEF006AFB73 /* LaunchScreen.storyboard in Resources */ = {isa = PBXBuildFile; fileRef = D42890D9284C5CEF006AFB73 /* LaunchScreen.storyboard */; };
		D42890E3284C5F08006AFB73 /* User.swift in Sources */ = {isa = PBXBuildFile; fileRef = D42890E2284C5F08006AFB73 /* User.swift */; };
		D42890E5284C5F88006AFB73 /* UIImageView+Extensions.swift in Sources */ = {isa = PBXBuildFile; fileRef = D42890E4284C5F88006AFB73 /* UIImageView+Extensions.swift */; };
		D42890E7284C607B006AFB73 /* Auth0.plist in Resources */ = {isa = PBXBuildFile; fileRef = D42890E6284C607B006AFB73 /* Auth0.plist */; };
/* End PBXBuildFile section */

/* Begin PBXFileReference section */
		D42890CB284C5CED006AFB73 /* iOS UIKit Login.app */ = {isa = PBXFileReference; explicitFileType = wrapper.application; includeInIndex = 0; path = "iOS UIKit Login.app"; sourceTree = BUILT_PRODUCTS_DIR; };
		D42890CE284C5CED006AFB73 /* AppDelegate.swift */ = {isa = PBXFileReference; lastKnownFileType = sourcecode.swift; path = AppDelegate.swift; sourceTree = "<group>"; };
		D42890D0284C5CED006AFB73 /* SceneDelegate.swift */ = {isa = PBXFileReference; lastKnownFileType = sourcecode.swift; path = SceneDelegate.swift; sourceTree = "<group>"; };
		D42890D2284C5CED006AFB73 /* ViewController.swift */ = {isa = PBXFileReference; lastKnownFileType = sourcecode.swift; path = ViewController.swift; sourceTree = "<group>"; };
		D42890D5284C5CED006AFB73 /* Base */ = {isa = PBXFileReference; lastKnownFileType = file.storyboard; name = Base; path = Base.lproj/Main.storyboard; sourceTree = "<group>"; };
		D42890D7284C5CEF006AFB73 /* Assets.xcassets */ = {isa = PBXFileReference; lastKnownFileType = folder.assetcatalog; path = Assets.xcassets; sourceTree = "<group>"; };
		D42890DA284C5CEF006AFB73 /* Base */ = {isa = PBXFileReference; lastKnownFileType = file.storyboard; name = Base; path = Base.lproj/LaunchScreen.storyboard; sourceTree = "<group>"; };
		D42890DC284C5CEF006AFB73 /* Info.plist */ = {isa = PBXFileReference; lastKnownFileType = text.plist.xml; path = Info.plist; sourceTree = "<group>"; };
		D42890E2284C5F08006AFB73 /* User.swift */ = {isa = PBXFileReference; lastKnownFileType = sourcecode.swift; path = User.swift; sourceTree = "<group>"; };
		D42890E4284C5F88006AFB73 /* UIImageView+Extensions.swift */ = {isa = PBXFileReference; lastKnownFileType = sourcecode.swift; path = "UIImageView+Extensions.swift"; sourceTree = "<group>"; };
		D42890E6284C607B006AFB73 /* Auth0.plist */ = {isa = PBXFileReference; lastKnownFileType = text.plist.xml; path = Auth0.plist; sourceTree = "<group>"; };
/* End PBXFileReference section */

/* Begin PBXFrameworksBuildPhase section */
		D42890C8284C5CED006AFB73 /* Frameworks */ = {
			isa = PBXFrameworksBuildPhase;
			buildActionMask = 2147483647;
			files = (
			);
			runOnlyForDeploymentPostprocessing = 0;
		};
/* End PBXFrameworksBuildPhase section */

/* Begin PBXGroup section */
		D42890C2284C5CED006AFB73 = {
			isa = PBXGroup;
			children = (
				D42890CD284C5CED006AFB73 /* iOS UIKit Login */,
				D42890CC284C5CED006AFB73 /* Products */,
			);
			sourceTree = "<group>";
		};
		D42890CC284C5CED006AFB73 /* Products */ = {
			isa = PBXGroup;
			children = (
				D42890CB284C5CED006AFB73 /* iOS UIKit Login.app */,
			);
			name = Products;
			sourceTree = "<group>";
		};
		D42890CD284C5CED006AFB73 /* iOS UIKit Login */ = {
			isa = PBXGroup;
			children = (
				D42890D2284C5CED006AFB73 /* ViewController.swift */,
				D42890E2284C5F08006AFB73 /* User.swift */,
				D42890DC284C5CEF006AFB73 /* Info.plist */,
				D42890E6284C607B006AFB73 /* Auth0.plist */,
				D4CF7DF6284FBA7300FFE56F /* Other project files */,
			);
			path = "iOS UIKit Login";
			sourceTree = "<group>";
		};
		D4CF7DF6284FBA7300FFE56F /* Other project files */ = {
			isa = PBXGroup;
			children = (
				D42890CE284C5CED006AFB73 /* AppDelegate.swift */,
				D42890D0284C5CED006AFB73 /* SceneDelegate.swift */,
				D42890E4284C5F88006AFB73 /* UIImageView+Extensions.swift */,
				D42890D4284C5CED006AFB73 /* Main.storyboard */,
				D42890D9284C5CEF006AFB73 /* LaunchScreen.storyboard */,
				D42890D7284C5CEF006AFB73 /* Assets.xcassets */,
			);
			path = "Other project files";
			sourceTree = "<group>";
		};
/* End PBXGroup section */

/* Begin PBXNativeTarget section */
		D42890CA284C5CED006AFB73 /* iOS UIKit Login */ = {
			isa = PBXNativeTarget;
			buildConfigurationList = D42890DF284C5CEF006AFB73 /* Build configuration list for PBXNativeTarget "iOS UIKit Login" */;
			buildPhases = (
				D42890C7284C5CED006AFB73 /* Sources */,
				D42890C8284C5CED006AFB73 /* Frameworks */,
				D42890C9284C5CED006AFB73 /* Resources */,
			);
			buildRules = (
			);
			dependencies = (
			);
			name = "iOS UIKit Login";
			packageProductDependencies = (
			);
			productName = "iOS UIKit Login";
			productReference = D42890CB284C5CED006AFB73 /* iOS UIKit Login.app */;
			productType = "com.apple.product-type.application";
		};
/* End PBXNativeTarget section */

/* Begin PBXProject section */
		D42890C3284C5CED006AFB73 /* Project object */ = {
			isa = PBXProject;
			attributes = {
				BuildIndependentTargetsInParallel = 1;
				LastSwiftUpdateCheck = 1340;
				LastUpgradeCheck = 1340;
				TargetAttributes = {
					D42890CA284C5CED006AFB73 = {
						CreatedOnToolsVersion = 13.4.1;
					};
				};
			};
			buildConfigurationList = D42890C6284C5CED006AFB73 /* Build configuration list for PBXProject "iOS UIKit Login" */;
			compatibilityVersion = "Xcode 13.0";
			developmentRegion = en;
			hasScannedForEncodings = 0;
			knownRegions = (
				en,
				Base,
			);
			mainGroup = D42890C2284C5CED006AFB73;
			packageReferences = (
			);
			productRefGroup = D42890CC284C5CED006AFB73 /* Products */;
			projectDirPath = "";
			projectRoot = "";
			targets = (
				D42890CA284C5CED006AFB73 /* iOS UIKit Login */,
			);
		};
/* End PBXProject section */

/* Begin PBXResourcesBuildPhase section */
		D42890C9284C5CED006AFB73 /* Resources */ = {
			isa = PBXResourcesBuildPhase;
			buildActionMask = 2147483647;
			files = (
				D42890DB284C5CEF006AFB73 /* LaunchScreen.storyboard in Resources */,
				D42890D8284C5CEF006AFB73 /* Assets.xcassets in Resources */,
				D42890E7284C607B006AFB73 /* Auth0.plist in Resources */,
				D42890D6284C5CED006AFB73 /* Main.storyboard in Resources */,
			);
			runOnlyForDeploymentPostprocessing = 0;
		};
/* End PBXResourcesBuildPhase section */

/* Begin PBXSourcesBuildPhase section */
		D42890C7284C5CED006AFB73 /* Sources */ = {
			isa = PBXSourcesBuildPhase;
			buildActionMask = 2147483647;
			files = (
				D42890E5284C5F88006AFB73 /* UIImageView+Extensions.swift in Sources */,
				D42890D3284C5CED006AFB73 /* ViewController.swift in Sources */,
				D42890E3284C5F08006AFB73 /* User.swift in Sources */,
				D42890CF284C5CED006AFB73 /* AppDelegate.swift in Sources */,
				D42890D1284C5CED006AFB73 /* SceneDelegate.swift in Sources */,
			);
			runOnlyForDeploymentPostprocessing = 0;
		};
/* End PBXSourcesBuildPhase section */

/* Begin PBXVariantGroup section */
		D42890D4284C5CED006AFB73 /* Main.storyboard */ = {
			isa = PBXVariantGroup;
			children = (
				D42890D5284C5CED006AFB73 /* Base */,
			);
			name = Main.storyboard;
			sourceTree = "<group>";
		};
		D42890D9284C5CEF006AFB73 /* LaunchScreen.storyboard */ = {
			isa = PBXVariantGroup;
			children = (
				D42890DA284C5CEF006AFB73 /* Base */,
			);
			name = LaunchScreen.storyboard;
			sourceTree = "<group>";
		};
/* End PBXVariantGroup section */

/* Begin XCBuildConfiguration section */
		D42890DD284C5CEF006AFB73 /* Debug */ = {
			isa = XCBuildConfiguration;
			buildSettings = {
				ALWAYS_SEARCH_USER_PATHS = NO;
				CLANG_ANALYZER_NONNULL = YES;
				CLANG_ANALYZER_NUMBER_OBJECT_CONVERSION = YES_AGGRESSIVE;
				CLANG_CXX_LANGUAGE_STANDARD = "gnu++17";
				CLANG_ENABLE_MODULES = YES;
				CLANG_ENABLE_OBJC_ARC = YES;
				CLANG_ENABLE_OBJC_WEAK = YES;
				CLANG_WARN_BLOCK_CAPTURE_AUTORELEASING = YES;
				CLANG_WARN_BOOL_CONVERSION = YES;
				CLANG_WARN_COMMA = YES;
				CLANG_WARN_CONSTANT_CONVERSION = YES;
				CLANG_WARN_DEPRECATED_OBJC_IMPLEMENTATIONS = YES;
				CLANG_WARN_DIRECT_OBJC_ISA_USAGE = YES_ERROR;
				CLANG_WARN_DOCUMENTATION_COMMENTS = YES;
				CLANG_WARN_EMPTY_BODY = YES;
				CLANG_WARN_ENUM_CONVERSION = YES;
				CLANG_WARN_INFINITE_RECURSION = YES;
				CLANG_WARN_INT_CONVERSION = YES;
				CLANG_WARN_NON_LITERAL_NULL_CONVERSION = YES;
				CLANG_WARN_OBJC_IMPLICIT_RETAIN_SELF = YES;
				CLANG_WARN_OBJC_LITERAL_CONVERSION = YES;
				CLANG_WARN_OBJC_ROOT_CLASS = YES_ERROR;
				CLANG_WARN_QUOTED_INCLUDE_IN_FRAMEWORK_HEADER = YES;
				CLANG_WARN_RANGE_LOOP_ANALYSIS = YES;
				CLANG_WARN_STRICT_PROTOTYPES = YES;
				CLANG_WARN_SUSPICIOUS_MOVE = YES;
				CLANG_WARN_UNGUARDED_AVAILABILITY = YES_AGGRESSIVE;
				CLANG_WARN_UNREACHABLE_CODE = YES;
				CLANG_WARN__DUPLICATE_METHOD_MATCH = YES;
				COPY_PHASE_STRIP = NO;
				DEBUG_INFORMATION_FORMAT = dwarf;
				ENABLE_STRICT_OBJC_MSGSEND = YES;
				ENABLE_TESTABILITY = YES;
				GCC_C_LANGUAGE_STANDARD = gnu11;
				GCC_DYNAMIC_NO_PIC = NO;
				GCC_NO_COMMON_BLOCKS = YES;
				GCC_OPTIMIZATION_LEVEL = 0;
				GCC_PREPROCESSOR_DEFINITIONS = (
					"DEBUG=1",
					"$(inherited)",
				);
				GCC_WARN_64_TO_32_BIT_CONVERSION = YES;
				GCC_WARN_ABOUT_RETURN_TYPE = YES_ERROR;
				GCC_WARN_UNDECLARED_SELECTOR = YES;
				GCC_WARN_UNINITIALIZED_AUTOS = YES_AGGRESSIVE;
				GCC_WARN_UNUSED_FUNCTION = YES;
				GCC_WARN_UNUSED_VARIABLE = YES;
				IPHONEOS_DEPLOYMENT_TARGET = 15.5;
				MTL_ENABLE_DEBUG_INFO = INCLUDE_SOURCE;
				MTL_FAST_MATH = YES;
				ONLY_ACTIVE_ARCH = YES;
				SDKROOT = iphoneos;
				SWIFT_ACTIVE_COMPILATION_CONDITIONS = DEBUG;
				SWIFT_OPTIMIZATION_LEVEL = "-Onone";
			};
			name = Debug;
		};
		D42890DE284C5CEF006AFB73 /* Release */ = {
			isa = XCBuildConfiguration;
			buildSettings = {
				ALWAYS_SEARCH_USER_PATHS = NO;
				CLANG_ANALYZER_NONNULL = YES;
				CLANG_ANALYZER_NUMBER_OBJECT_CONVERSION = YES_AGGRESSIVE;
				CLANG_CXX_LANGUAGE_STANDARD = "gnu++17";
				CLANG_ENABLE_MODULES = YES;
				CLANG_ENABLE_OBJC_ARC = YES;
				CLANG_ENABLE_OBJC_WEAK = YES;
				CLANG_WARN_BLOCK_CAPTURE_AUTORELEASING = YES;
				CLANG_WARN_BOOL_CONVERSION = YES;
				CLANG_WARN_COMMA = YES;
				CLANG_WARN_CONSTANT_CONVERSION = YES;
				CLANG_WARN_DEPRECATED_OBJC_IMPLEMENTATIONS = YES;
				CLANG_WARN_DIRECT_OBJC_ISA_USAGE = YES_ERROR;
				CLANG_WARN_DOCUMENTATION_COMMENTS = YES;
				CLANG_WARN_EMPTY_BODY = YES;
				CLANG_WARN_ENUM_CONVERSION = YES;
				CLANG_WARN_INFINITE_RECURSION = YES;
				CLANG_WARN_INT_CONVERSION = YES;
				CLANG_WARN_NON_LITERAL_NULL_CONVERSION = YES;
				CLANG_WARN_OBJC_IMPLICIT_RETAIN_SELF = YES;
				CLANG_WARN_OBJC_LITERAL_CONVERSION = YES;
				CLANG_WARN_OBJC_ROOT_CLASS = YES_ERROR;
				CLANG_WARN_QUOTED_INCLUDE_IN_FRAMEWORK_HEADER = YES;
				CLANG_WARN_RANGE_LOOP_ANALYSIS = YES;
				CLANG_WARN_STRICT_PROTOTYPES = YES;
				CLANG_WARN_SUSPICIOUS_MOVE = YES;
				CLANG_WARN_UNGUARDED_AVAILABILITY = YES_AGGRESSIVE;
				CLANG_WARN_UNREACHABLE_CODE = YES;
				CLANG_WARN__DUPLICATE_METHOD_MATCH = YES;
				COPY_PHASE_STRIP = NO;
				DEBUG_INFORMATION_FORMAT = "dwarf-with-dsym";
				ENABLE_NS_ASSERTIONS = NO;
				ENABLE_STRICT_OBJC_MSGSEND = YES;
				GCC_C_LANGUAGE_STANDARD = gnu11;
				GCC_NO_COMMON_BLOCKS = YES;
				GCC_WARN_64_TO_32_BIT_CONVERSION = YES;
				GCC_WARN_ABOUT_RETURN_TYPE = YES_ERROR;
				GCC_WARN_UNDECLARED_SELECTOR = YES;
				GCC_WARN_UNINITIALIZED_AUTOS = YES_AGGRESSIVE;
				GCC_WARN_UNUSED_FUNCTION = YES;
				GCC_WARN_UNUSED_VARIABLE = YES;
				IPHONEOS_DEPLOYMENT_TARGET = 15.5;
				MTL_ENABLE_DEBUG_INFO = NO;
				MTL_FAST_MATH = YES;
				SDKROOT = iphoneos;
				SWIFT_COMPILATION_MODE = wholemodule;
				SWIFT_OPTIMIZATION_LEVEL = "-O";
				VALIDATE_PRODUCT = YES;
			};
			name = Release;
		};
		D42890E0284C5CEF006AFB73 /* Debug */ = {
			isa = XCBuildConfiguration;
			buildSettings = {
				ASSETCATALOG_COMPILER_APPICON_NAME = AppIcon;
				ASSETCATALOG_COMPILER_GLOBAL_ACCENT_COLOR_NAME = AccentColor;
				CODE_SIGN_STYLE = Automatic;
				CURRENT_PROJECT_VERSION = 1;
				DEVELOPMENT_TEAM = EFL9LXPU8S;
				GENERATE_INFOPLIST_FILE = YES;
				INFOPLIST_FILE = "iOS UIKit Login/Info.plist";
				INFOPLIST_KEY_UIApplicationSupportsIndirectInputEvents = YES;
				INFOPLIST_KEY_UILaunchStoryboardName = LaunchScreen;
				INFOPLIST_KEY_UIMainStoryboardFile = Main;
				INFOPLIST_KEY_UISupportedInterfaceOrientations = "UIInterfaceOrientationPortrait UIInterfaceOrientationPortraitUpsideDown";
				INFOPLIST_KEY_UISupportedInterfaceOrientations_iPad = "UIInterfaceOrientationPortrait UIInterfaceOrientationPortraitUpsideDown UIInterfaceOrientationLandscapeLeft UIInterfaceOrientationLandscapeRight";
				INFOPLIST_KEY_UISupportedInterfaceOrientations_iPhone = "UIInterfaceOrientationPortrait UIInterfaceOrientationLandscapeLeft UIInterfaceOrientationLandscapeRight";
				LD_RUNPATH_SEARCH_PATHS = (
					"$(inherited)",
					"@executable_path/Frameworks",
				);
				MARKETING_VERSION = 1.0;
				PRODUCT_BUNDLE_IDENTIFIER = "com.auth0.iOS-UIKit-Login";
				PRODUCT_NAME = "$(TARGET_NAME)";
				SWIFT_EMIT_LOC_STRINGS = YES;
				SWIFT_VERSION = 5.0;
				TARGETED_DEVICE_FAMILY = "1,2";
			};
			name = Debug;
		};
		D42890E1284C5CEF006AFB73 /* Release */ = {
			isa = XCBuildConfiguration;
			buildSettings = {
				ASSETCATALOG_COMPILER_APPICON_NAME = AppIcon;
				ASSETCATALOG_COMPILER_GLOBAL_ACCENT_COLOR_NAME = AccentColor;
				CODE_SIGN_STYLE = Automatic;
				CURRENT_PROJECT_VERSION = 1;
				DEVELOPMENT_TEAM = EFL9LXPU8S;
				GENERATE_INFOPLIST_FILE = YES;
				INFOPLIST_FILE = "iOS UIKit Login/Info.plist";
				INFOPLIST_KEY_UIApplicationSupportsIndirectInputEvents = YES;
				INFOPLIST_KEY_UILaunchStoryboardName = LaunchScreen;
				INFOPLIST_KEY_UIMainStoryboardFile = Main;
				INFOPLIST_KEY_UISupportedInterfaceOrientations = "UIInterfaceOrientationPortrait UIInterfaceOrientationPortraitUpsideDown";
				INFOPLIST_KEY_UISupportedInterfaceOrientations_iPad = "UIInterfaceOrientationPortrait UIInterfaceOrientationPortraitUpsideDown UIInterfaceOrientationLandscapeLeft UIInterfaceOrientationLandscapeRight";
				INFOPLIST_KEY_UISupportedInterfaceOrientations_iPhone = "UIInterfaceOrientationPortrait UIInterfaceOrientationLandscapeLeft UIInterfaceOrientationLandscapeRight";
				LD_RUNPATH_SEARCH_PATHS = (
					"$(inherited)",
					"@executable_path/Frameworks",
				);
				MARKETING_VERSION = 1.0;
				PRODUCT_BUNDLE_IDENTIFIER = "com.auth0.iOS-UIKit-Login";
				PRODUCT_NAME = "$(TARGET_NAME)";
				SWIFT_EMIT_LOC_STRINGS = YES;
				SWIFT_VERSION = 5.0;
				TARGETED_DEVICE_FAMILY = "1,2";
			};
			name = Release;
		};
/* End XCBuildConfiguration section */

/* Begin XCConfigurationList section */
		D42890C6284C5CED006AFB73 /* Build configuration list for PBXProject "iOS UIKit Login" */ = {
			isa = XCConfigurationList;
			buildConfigurations = (
				D42890DD284C5CEF006AFB73 /* Debug */,
				D42890DE284C5CEF006AFB73 /* Release */,
			);
			defaultConfigurationIsVisible = 0;
			defaultConfigurationName = Release;
		};
		D42890DF284C5CEF006AFB73 /* Build configuration list for PBXNativeTarget "iOS UIKit Login" */ = {
			isa = XCConfigurationList;
			buildConfigurations = (
				D42890E0284C5CEF006AFB73 /* Debug */,
				D42890E1284C5CEF006AFB73 /* Release */,
			);
			defaultConfigurationIsVisible = 0;
			defaultConfigurationName = Release;
		};
/* End XCConfigurationList section */
	};
	rootObject = D42890C3284C5CED006AFB73 /* Project object */;
}
